<?xml version="1.0" encoding="utf-8"?>
<Project ToolsVersion="4.0" xmlns="http://schemas.microsoft.com/developer/msbuild/2003">
  <ItemGroup>
    <Filter Include="Source Files">
      <UniqueIdentifier>{4FC737F1-C7A5-4376-A066-2A32D752A2FF}</UniqueIdentifier>
      <Extensions>cpp;c;cc;cxx;def;odl;idl;hpj;bat;asm;asmx</Extensions>
    </Filter>
    <Filter Include="Header Files">
      <UniqueIdentifier>{93995380-89BD-4b04-88EB-625FBE52EBFB}</UniqueIdentifier>
      <Extensions>h;hpp;hxx;hm;inl;inc;xsd</Extensions>
    </Filter>
    <Filter Include="Resource Files">
      <UniqueIdentifier>{67DA6AB6-F800-4c08-8B7A-83BB121AAD01}</UniqueIdentifier>
      <Extensions>rc;ico;cur;bmp;dlg;rc2;rct;bin;rgs;gif;jpg;jpeg;jpe;resx;tiff;tif;png;wav;mfcribbon-ms</Extensions>
    </Filter>
  </ItemGroup>
  <ItemGroup>
    <ClInclude Include="arrays.h">
      <Filter>Header Files</Filter>
    </ClInclude>
    <ClInclude Include="arrays_own.h">
      <Filter>Header Files</Filter>
    </ClInclude>
    <ClInclude Include="bits.h">
      <Filter>Header Files</Filter>
    </ClInclude>
    <ClInclude Include="black.h">
      <Filter>Header Files</Filter>
    </ClInclude>
    <ClInclude Include="common.h">
      <Filter>Header Files</Filter>
    </ClInclude>
    <ClInclude Include="control.h">
      <Filter>Header Files</Filter>
    </ClInclude>
    <ClInclude Include="functions.h">
      <Filter>Header Files</Filter>
    </ClInclude>
    <ClInclude Include="IH-board.h">
      <Filter>Header Files</Filter>
    </ClInclude>
    <ClInclude Include="IH-hash.h">
      <Filter>Header Files</Filter>
    </ClInclude>
    <ClInclude Include="IH-move.h">
      <Filter>Header Files</Filter>
    </ClInclude>
    <ClInclude Include="IH-SMP.h">
      <Filter>Header Files</Filter>
    </ClInclude>
    <ClInclude Include="IH-win-linux.h">
      <Filter>Header Files</Filter>
    </ClInclude>
    <ClInclude Include="IH-ZOG-MP.h">
      <Filter>Header Files</Filter>
    </ClInclude>
    <ClInclude Include="make_unmake.h">
      <Filter>Header Files</Filter>
    </ClInclude>
    <ClInclude Include="MonteCarlo.h">
      <Filter>Header Files</Filter>
    </ClInclude>
    <ClInclude Include="Robbo_gen_mossa.h">
      <Filter>Header Files</Filter>
    </ClInclude>
    <ClInclude Include="RobboBaseLibUsage.h">
      <Filter>Header Files</Filter>
    </ClInclude>
    <ClInclude Include="RobboLito.h">
      <Filter>Header Files</Filter>
    </ClInclude>
    <ClInclude Include="RobboTotalBase.h">
      <Filter>Header Files</Filter>
    </ClInclude>
    <ClInclude Include="RobboTripleBase.h">
      <Filter>Header Files</Filter>
    </ClInclude>
    <ClInclude Include="SLAB_MEMORY.h">
      <Filter>Header Files</Filter>
    </ClInclude>
    <ClInclude Include="undef.h">
      <Filter>Header Files</Filter>
    </ClInclude>
    <ClInclude Include="white.h">
      <Filter>Header Files</Filter>
    </ClInclude>
    <ClInclude Include="win32bits.h">
      <Filter>Header Files</Filter>
    </ClInclude>
    <ClInclude Include="win64bits.h">
      <Filter>Header Files</Filter>
    </ClInclude>
  </ItemGroup>
  <ItemGroup>
    <None Include="history.i">
      <Filter>Header Files</Filter>
    </None>
    <None Include="init_gen.i">
      <Filter>Header Files</Filter>
    </None>
    <None Include="material_value.i">
      <Filter>Header Files</Filter>
    </None>
    <None Include="null_move.i">
      <Filter>Header Files</Filter>
    </None>
  </ItemGroup>
  <ItemGroup>
    <ClCompile Include="50move.c">
      <Filter>Source Files</Filter>
    </ClCompile>
    <ClCompile Include="all_node.c">
      <Filter>Source Files</Filter>
    </ClCompile>
    <ClCompile Include="arrays.c">
      <Filter>Source Files</Filter>
    </ClCompile>
    <ClCompile Include="benchmark.c">
      <Filter>Source Files</Filter>
    </ClCompile>
    <ClCompile Include="control.c">
      <Filter>Source Files</Filter>
    </ClCompile>
    <ClCompile Include="cut_node.c">
      <Filter>Source Files</Filter>
    </ClCompile>
    <ClCompile Include="eval_explain.c">
      <Filter>Source Files</Filter>
    </ClCompile>
    <ClCompile Include="evaluation.c">
      <Filter>Source Files</Filter>
    </ClCompile>
    <ClCompile Include="exclude_node.c">
      <Filter>Source Files</Filter>
    </ClCompile>
    <ClCompile Include="input.c">
      <Filter>Source Files</Filter>
    </ClCompile>
    <ClCompile Include="low_depth.c">
      <Filter>Source Files</Filter>
    </ClCompile>
    <ClCompile Include="magic_mult.c">
      <Filter>Source Files</Filter>
    </ClCompile>
    <ClCompile Include="main.c">
      <Filter>Source Files</Filter>
    </ClCompile>
    <ClCompile Include="make_move.c">
      <Filter>Source Files</Filter>
    </ClCompile>
    <ClCompile Include="material_value.c">
      <Filter>Source Files</Filter>
    </ClCompile>
    <ClCompile Include="matval_explain.c">
      <Filter>Source Files</Filter>
    </ClCompile>
    <ClCompile Include="MEM_HANDLER.c">
      <Filter>Source Files</Filter>
    </ClCompile>
    <ClCompile Include="mobility.c">
      <Filter>Source Files</Filter>
    </ClCompile>
    <ClCompile Include="MonteCarlo.c">
      <Filter>Source Files</Filter>
    </ClCompile>
    <ClCompile Include="move_gen.c">
      <Filter>Source Files</Filter>
    </ClCompile>
    <ClCompile Include="next_move.c">
      <Filter>Source Files</Filter>
    </ClCompile>
    <ClCompile Include="ok_move.c">
      <Filter>Source Files</Filter>
    </ClCompile>
    <ClCompile Include="pawn_eval.c">
      <Filter>Source Files</Filter>
    </ClCompile>
    <ClCompile Include="pawn_eval_explain.c">
      <Filter>Source Files</Filter>
    </ClCompile>
    <ClCompile Include="perft.c">
      <Filter>Source Files</Filter>
    </ClCompile>
    <ClCompile Include="pv_node.c">
      <Filter>Source Files</Filter>
    </ClCompile>
    <ClCompile Include="qsearch.c">
      <Filter>Source Files</Filter>
    </ClCompile>
    <ClCompile Include="qsearch_pv.c">
      <Filter>Source Files</Filter>
    </ClCompile>
    <ClCompile Include="Robbo_glue_new.c">
      <Filter>Source Files</Filter>
    </ClCompile>
    <ClCompile Include="Robbo_mossa.c">
      <Filter>Source Files</Filter>
    </ClCompile>
    <ClCompile Include="root_analysis.c">
      <Filter>Source Files</Filter>
    </ClCompile>
    <ClCompile Include="root_multipv.c">
      <Filter>Source Files</Filter>
    </ClCompile>
    <ClCompile Include="root_node.c">
      <Filter>Source Files</Filter>
    </ClCompile>
    <ClCompile Include="RootNodeMonteCarlo.c">
      <Filter>Source Files</Filter>
    </ClCompile>
    <ClCompile Include="search.c">
      <Filter>Source Files</Filter>
    </ClCompile>
    <ClCompile Include="SEE.c">
      <Filter>Source Files</Filter>
    </ClCompile>
    <ClCompile Include="set_position.c">
      <Filter>Source Files</Filter>
    </ClCompile>
    <ClCompile Include="signals.c">
      <Filter>Source Files</Filter>
    </ClCompile>
    <ClCompile Include="SLAB_MEMORY.c">
      <Filter>Source Files</Filter>
    </ClCompile>
    <ClCompile Include="SMP.c">
      <Filter>Source Files</Filter>
    </ClCompile>
    <ClCompile Include="SMP_init.c">
      <Filter>Source Files</Filter>
    </ClCompile>
    <ClCompile Include="SMP_search.c">
      <Filter>Source Files</Filter>
    </ClCompile>
    <ClCompile Include="static.c">
      <Filter>Source Files</Filter>
    </ClCompile>
    <ClCompile Include="top_analysis.c">
      <Filter>Source Files</Filter>
    </ClCompile>
    <ClCompile Include="top_node.c">
      <Filter>Source Files</Filter>
    </ClCompile>
    <ClCompile Include="TopNodeMonteCarlo.c">
      <Filter>Source Files</Filter>
    </ClCompile>
    <ClCompile Include="un_make_move.c">
      <Filter>Source Files</Filter>
    </ClCompile>
    <ClCompile Include="utility.c">
      <Filter>Source Files</Filter>
    </ClCompile>
    <ClCompile Include="validate.c">
      <Filter>Source Files</Filter>
    </ClCompile>
    <ClCompile Include="Zobrist_init.c">
      <Filter>Source Files</Filter>
    </ClCompile>
    <ClCompile Include="Zobrist_use.c">
      <Filter>Source Files</Filter>
    </ClCompile>
  </ItemGroup>
</Project>